
Microsoft Visual Studio Solution File, Format Version 12.00
# Visual Studio Version 16
VisualStudioVersion = 16.0.31321.278
MinimumVisualStudioVersion = 10.0.40219.1
Project("{FAE04EC0-301F-11D3-BF4B-00C04F79EFBC}") = "CFFFontTypeFaceWPF", "CFFFontTypeFaceWPF\CFFFontTypeFaceWPF.csproj", "{8479DF07-1316-4498-8152-140A6DE54816}"
EndProject
Project("{FAE04EC0-301F-11D3-BF4B-00C04F79EFBC}") = "CFFFont", "CFFFont\CFFFont.csproj", "{3FE5DB4C-8F58-425A-AC7C-76F4601BD7B4}"
EndProject
Global
	GlobalSection(SolutionConfigurationPlatforms) = preSolution
		Debug|Any CPU = Debug|Any CPU
		Release|Any CPU = Release|Any CPU
	EndGlobalSection
	GlobalSection(ProjectConfigurationPlatforms) = postSolution
		{8479DF07-1316-4498-8152-140A6DE54816}.Debug|Any CPU.ActiveCfg = Debug|Any CPU
		{8479DF07-1316-4498-8152-140A6DE54816}.Debug|Any CPU.Build.0 = Debug|Any CPU
		{8479DF07-1316-4498-8152-140A6DE54816}.Release|Any CPU.ActiveCfg = Release|Any CPU
		{8479DF07-1316-4498-8152-140A6DE54816}.Release|Any CPU.Build.0 = Release|Any CPU
		{3FE5DB4C-8F58-425A-AC7C-76F4601BD7B4}.Debug|Any CPU.ActiveCfg = Debug|Any CPU
		{3FE5DB4C-8F58-425A-AC7C-76F4601BD7B4}.Debug|Any CPU.Build.0 = Debug|Any CPU
		{3FE5DB4C-8F58-425A-AC7C-76F4601BD7B4}.Release|Any CPU.ActiveCfg = Release|Any CPU
		{3FE5DB4C-8F58-425A-AC7C-76F4601BD7B4}.Release|Any CPU.Build.0 = Release|Any CPU
	EndGlobalSection
	GlobalSection(SolutionProperties) = preSolution
		HideSolutionNode = FALSE
	EndGlobalSection
	GlobalSection(ExtensibilityGlobals) = postSolution
		SolutionGuid = {6B54554D-F5DA-4D12-BCFB-CE2F3CBCC803}
	EndGlobalSection
EndGlobal
